
Microsoft Visual Studio Solution File, Format Version 12.00
# Visual Studio 15
VisualStudioVersion = 15.0.26430.16
MinimumVisualStudioVersion = 10.0.40219.1
Project("{FAE04EC0-301F-11D3-BF4B-00C04F79EFBC}") = "Testerment", "Testerment\Testerment.csproj", "{5CE655E7-B53F-4F81-9035-72E00217AE8C}"
EndProject
Project("{FAE04EC0-301F-11D3-BF4B-00C04F79EFBC}") = "CaliburnDemo", "CaliburnDemo\CaliburnDemo.csproj", "{2DF1BD9C-3BA1-4CEF-968C-7DC4EC0B907C}"
EndProject
Project("{FAE04EC0-301F-11D3-BF4B-00C04F79EFBC}") = "UnitTestProject", "UnitTestProject\UnitTestProject.csproj", "{15262571-E92C-470B-8176-F3DB7F0DCE7E}"
EndProject
Global
	GlobalSection(SolutionConfigurationPlatforms) = preSolution
		Debug|Any CPU = Debug|Any CPU
		Release|Any CPU = Release|Any CPU
	EndGlobalSection
	GlobalSection(ProjectConfigurationPlatforms) = postSolution
		{5CE655E7-B53F-4F81-9035-72E00217AE8C}.Debug|Any CPU.ActiveCfg = Debug|Any CPU
		{5CE655E7-B53F-4F81-9035-72E00217AE8C}.Debug|Any CPU.Build.0 = Debug|Any CPU
		{5CE655E7-B53F-4F81-9035-72E00217AE8C}.Release|Any CPU.ActiveCfg = Release|Any CPU
		{5CE655E7-B53F-4F81-9035-72E00217AE8C}.Release|Any CPU.Build.0 = Release|Any CPU
		{2DF1BD9C-3BA1-4CEF-968C-7DC4EC0B907C}.Debug|Any CPU.ActiveCfg = Debug|Any CPU
		{2DF1BD9C-3BA1-4CEF-968C-7DC4EC0B907C}.Debug|Any CPU.Build.0 = Debug|Any CPU
		{2DF1BD9C-3BA1-4CEF-968C-7DC4EC0B907C}.Release|Any CPU.ActiveCfg = Release|Any CPU
		{2DF1BD9C-3BA1-4CEF-968C-7DC4EC0B907C}.Release|Any CPU.Build.0 = Release|Any CPU
		{15262571-E92C-470B-8176-F3DB7F0DCE7E}.Debug|Any CPU.ActiveCfg = Debug|Any CPU
		{15262571-E92C-470B-8176-F3DB7F0DCE7E}.Debug|Any CPU.Build.0 = Debug|Any CPU
		{15262571-E92C-470B-8176-F3DB7F0DCE7E}.Release|Any CPU.ActiveCfg = Release|Any CPU
		{15262571-E92C-470B-8176-F3DB7F0DCE7E}.Release|Any CPU.Build.0 = Release|Any CPU
	EndGlobalSection
	GlobalSection(SolutionProperties) = preSolution
		HideSolutionNode = FALSE
	EndGlobalSection
EndGlobal
